
Microsoft Visual Studio Solution File, Format Version 12.00
# Visual Studio Version 16
VisualStudioVersion = 16.0.30717.126
MinimumVisualStudioVersion = 10.0.40219.1
Project("{FAE04EC0-301F-11D3-BF4B-00C04F79EFBC}") = "Kreş Otomasyon", "Kreş Otomasyon\Kreş Otomasyon.csproj", "{C7B58C77-8E3D-4FC8-AAD6-2F64D4773AB5}"
EndProject
Global
	GlobalSection(SolutionConfigurationPlatforms) = preSolution
		Debug|Any CPU = Debug|Any CPU
		Release|Any CPU = Release|Any CPU
	EndGlobalSection
	GlobalSection(ProjectConfigurationPlatforms) = postSolution
		{C7B58C77-8E3D-4FC8-AAD6-2F64D4773AB5}.Debug|Any CPU.ActiveCfg = Debug|Any CPU
		{C7B58C77-8E3D-4FC8-AAD6-2F64D4773AB5}.Debug|Any CPU.Build.0 = Debug|Any CPU
		{C7B58C77-8E3D-4FC8-AAD6-2F64D4773AB5}.Release|Any CPU.ActiveCfg = Release|Any CPU
		{C7B58C77-8E3D-4FC8-AAD6-2F64D4773AB5}.Release|Any CPU.Build.0 = Release|Any CPU
	EndGlobalSection
	GlobalSection(SolutionProperties) = preSolution
		HideSolutionNode = FALSE
	EndGlobalSection
	GlobalSection(ExtensibilityGlobals) = postSolution
		SolutionGuid = {B943A703-35B6-426D-B0C7-C4F6FD256842}
	EndGlobalSection
EndGlobal
